
Microsoft Visual Studio Solution File, Format Version 12.00
# Visual Studio Version 17
VisualStudioVersion = 17.13.35825.156 d17.13
MinimumVisualStudioVersion = 10.0.40219.1
Project("{FAE04EC0-301F-11D3-BF4B-00C04F79EFBC}") = "SimpleLibraryManagementLayeredArchitectureAndRepository", "SimpleLibraryManagementLayeredArchitectureAndRepository.csproj", "{F64EAD6B-EE91-41CA-A0B2-AE5B2711070F}"
EndProject
Global
	GlobalSection(SolutionConfigurationPlatforms) = preSolution
		Debug|Any CPU = Debug|Any CPU
		Release|Any CPU = Release|Any CPU
	EndGlobalSection
	GlobalSection(ProjectConfigurationPlatforms) = postSolution
		{F64EAD6B-EE91-41CA-A0B2-AE5B2711070F}.Debug|Any CPU.ActiveCfg = Debug|Any CPU
		{F64EAD6B-EE91-41CA-A0B2-AE5B2711070F}.Debug|Any CPU.Build.0 = Debug|Any CPU
		{F64EAD6B-EE91-41CA-A0B2-AE5B2711070F}.Release|Any CPU.ActiveCfg = Release|Any CPU
		{F64EAD6B-EE91-41CA-A0B2-AE5B2711070F}.Release|Any CPU.Build.0 = Release|Any CPU
	EndGlobalSection
	GlobalSection(SolutionProperties) = preSolution
		HideSolutionNode = FALSE
	EndGlobalSection
	GlobalSection(ExtensibilityGlobals) = postSolution
		SolutionGuid = {2F71226C-F3B7-43B4-BEC6-8D7F3FA7DAD9}
	EndGlobalSection
EndGlobal
